
Microsoft Visual Studio Solution File, Format Version 12.00
# Visual Studio 15
VisualStudioVersion = 15.0.28307.572
MinimumVisualStudioVersion = 10.0.40219.1
Project("{8BC9CEB8-8B4A-11D0-8D11-00A0C91BC942}") = "DAON_Data_Draw", "DAON_Data_Draw\DAON_Data_Draw.vcxproj", "{46642C0B-5ABD-4E39-BAFF-7B1502515A9D}"
EndProject
Global
	GlobalSection(SolutionConfigurationPlatforms) = preSolution
		Debug|x64 = Debug|x64
		Debug|x86 = Debug|x86
		Release|x64 = Release|x64
		Release|x86 = Release|x86
	EndGlobalSection
	GlobalSection(ProjectConfigurationPlatforms) = postSolution
		{46642C0B-5ABD-4E39-BAFF-7B1502515A9D}.Debug|x64.ActiveCfg = Debug|x64
		{46642C0B-5ABD-4E39-BAFF-7B1502515A9D}.Debug|x64.Build.0 = Debug|x64
		{46642C0B-5ABD-4E39-BAFF-7B1502515A9D}.Debug|x86.ActiveCfg = Debug|Win32
		{46642C0B-5ABD-4E39-BAFF-7B1502515A9D}.Debug|x86.Build.0 = Debug|Win32
		{46642C0B-5ABD-4E39-BAFF-7B1502515A9D}.Release|x64.ActiveCfg = Release|x64
		{46642C0B-5ABD-4E39-BAFF-7B1502515A9D}.Release|x64.Build.0 = Release|x64
		{46642C0B-5ABD-4E39-BAFF-7B1502515A9D}.Release|x86.ActiveCfg = Release|Win32
		{46642C0B-5ABD-4E39-BAFF-7B1502515A9D}.Release|x86.Build.0 = Release|Win32
	EndGlobalSection
	GlobalSection(SolutionProperties) = preSolution
		HideSolutionNode = FALSE
	EndGlobalSection
	GlobalSection(ExtensibilityGlobals) = postSolution
		SolutionGuid = {4A940AAB-2A9A-4273-9361-0C5F3E22EEFF}
	EndGlobalSection
EndGlobal
